// !$*UTF8*$!
{
	archiveVersion = 1;
	classes = {
	};
	objectVersion = 46;
	objects = {

/* Begin PBXBuildFile section */
		546F2CCD1AE55BC900722AE7 /* AssignATaskToFriendTableViewController.swift in Sources */ = {isa = PBXBuildFile; fileRef = 546F2CCC1AE55BC900722AE7 /* AssignATaskToFriendTableViewController.swift */; };
		546F2CD01AE5651100722AE7 /* AssignTaskToFriendTableViewCell.swift in Sources */ = {isa = PBXBuildFile; fileRef = 546F2CCF1AE5651100722AE7 /* AssignTaskToFriendTableViewCell.swift */; };
		546F2CD21AE5D57300722AE7 /* AddPeopleToTaskTableViewController.swift in Sources */ = {isa = PBXBuildFile; fileRef = 546F2CD11AE5D57300722AE7 /* AddPeopleToTaskTableViewController.swift */; };
		546F2CD61AE5DA1F00722AE7 /* AddPeopleToTaskTableViewCell.swift in Sources */ = {isa = PBXBuildFile; fileRef = 546F2CD51AE5DA1F00722AE7 /* AddPeopleToTaskTableViewCell.swift */; };
		5482C57A1AE199F7003A4A84 /* Images.xcassets in Resources */ = {isa = PBXBuildFile; fileRef = 5482C5791AE199F7003A4A84 /* Images.xcassets */; };
		5482C57C1AE19C71003A4A84 /* FriendDetailViewController.swift in Sources */ = {isa = PBXBuildFile; fileRef = 5482C57B1AE19C71003A4A84 /* FriendDetailViewController.swift */; };
		6623372F1AD442B800CA9BBB /* LocalUser.swift in Sources */ = {isa = PBXBuildFile; fileRef = 6623372E1AD442B800CA9BBB /* LocalUser.swift */; };
		663053B11ACBAD380073FB96 /* AudioToolbox.framework in Frameworks */ = {isa = PBXBuildFile; fileRef = 663053B01ACBAD380073FB96 /* AudioToolbox.framework */; };
		663053B31ACBAD450073FB96 /* CFNetwork.framework in Frameworks */ = {isa = PBXBuildFile; fileRef = 663053B21ACBAD450073FB96 /* CFNetwork.framework */; };
		663053B51ACBAD570073FB96 /* CoreGraphics.framework in Frameworks */ = {isa = PBXBuildFile; fileRef = 663053B41ACBAD570073FB96 /* CoreGraphics.framework */; };
		663053B71ACBAD5D0073FB96 /* CoreLocation.framework in Frameworks */ = {isa = PBXBuildFile; fileRef = 663053B61ACBAD5D0073FB96 /* CoreLocation.framework */; };
		663053B91ACBAD640073FB96 /* MobileCoreServices.framework in Frameworks */ = {isa = PBXBuildFile; fileRef = 663053B81ACBAD640073FB96 /* MobileCoreServices.framework */; };
		663053BB1ACBAD710073FB96 /* QuartzCore.framework in Frameworks */ = {isa = PBXBuildFile; fileRef = 663053BA1ACBAD710073FB96 /* QuartzCore.framework */; };
		663053BD1ACBAD7C0073FB96 /* Security.framework in Frameworks */ = {isa = PBXBuildFile; fileRef = 663053BC1ACBAD7C0073FB96 /* Security.framework */; };
		663053BF1ACBAD830073FB96 /* StoreKit.framework in Frameworks */ = {isa = PBXBuildFile; fileRef = 663053BE1ACBAD830073FB96 /* StoreKit.framework */; };
		663053C11ACBAD910073FB96 /* SystemConfiguration.framework in Frameworks */ = {isa = PBXBuildFile; fileRef = 663053C01ACBAD910073FB96 /* SystemConfiguration.framework */; };
		663053C31ACBAD9D0073FB96 /* libz.dylib in Frameworks */ = {isa = PBXBuildFile; fileRef = 663053C21ACBAD9D0073FB96 /* libz.dylib */; };
		663053C51ACBADA80073FB96 /* libsqlite3.dylib in Frameworks */ = {isa = PBXBuildFile; fileRef = 663053C41ACBADA80073FB96 /* libsqlite3.dylib */; };
		663053CA1ACBB36C0073FB96 /* ParseAction.swift in Sources */ = {isa = PBXBuildFile; fileRef = 663053C91ACBB36C0073FB96 /* ParseAction.swift */; };
		663053DC1ACC83BF0073FB96 /* NSMutableArray+SWUtilityButtons.m in Sources */ = {isa = PBXBuildFile; fileRef = 663053D11ACC83BF0073FB96 /* NSMutableArray+SWUtilityButtons.m */; };
		663053DD1ACC83BF0073FB96 /* SWCellScrollView.m in Sources */ = {isa = PBXBuildFile; fileRef = 663053D31ACC83BF0073FB96 /* SWCellScrollView.m */; };
		663053DE1ACC83BF0073FB96 /* SWLongPressGestureRecognizer.m in Sources */ = {isa = PBXBuildFile; fileRef = 663053D51ACC83BF0073FB96 /* SWLongPressGestureRecognizer.m */; };
		663053DF1ACC83BF0073FB96 /* SWTableViewCell.m in Sources */ = {isa = PBXBuildFile; fileRef = 663053D71ACC83BF0073FB96 /* SWTableViewCell.m */; };
		663053E01ACC83BF0073FB96 /* SWUtilityButtonTapGestureRecognizer.m in Sources */ = {isa = PBXBuildFile; fileRef = 663053D91ACC83BF0073FB96 /* SWUtilityButtonTapGestureRecognizer.m */; };
		663053E11ACC83BF0073FB96 /* SWUtilityButtonView.m in Sources */ = {isa = PBXBuildFile; fileRef = 663053DB1ACC83BF0073FB96 /* SWUtilityButtonView.m */; };
		663053E31ACCC2180073FB96 /* Friend.swift in Sources */ = {isa = PBXBuildFile; fileRef = 663053E21ACCC2180073FB96 /* Friend.swift */; };
		663053E51ACCC28A0073FB96 /* User.swift in Sources */ = {isa = PBXBuildFile; fileRef = 663053E41ACCC28A0073FB96 /* User.swift */; };
		663053E71ACCC4320073FB96 /* Group.swift in Sources */ = {isa = PBXBuildFile; fileRef = 663053E61ACCC4320073FB96 /* Group.swift */; };
		6655F5111AE18E59005BA9E3 /* ParseImageAction.swift in Sources */ = {isa = PBXBuildFile; fileRef = 6655F5101AE18E59005BA9E3 /* ParseImageAction.swift */; };
		66588B441AD853D90019BD3D /* SearchFriendTableViewCell.swift in Sources */ = {isa = PBXBuildFile; fileRef = 66588B431AD853D90019BD3D /* SearchFriendTableViewCell.swift */; };
		665BFE031AD35983009262D5 /* SignUpViewController.swift in Sources */ = {isa = PBXBuildFile; fileRef = 665BFE021AD35983009262D5 /* SignUpViewController.swift */; };
		6665868F1AD73DDF0008B4F6 /* SearchFriendVC.swift in Sources */ = {isa = PBXBuildFile; fileRef = 6665868E1AD73DDF0008B4F6 /* SearchFriendVC.swift */; };
		6689E50C1ABCA23E0079C8ED /* AddTaskItemViewController.swift in Sources */ = {isa = PBXBuildFile; fileRef = 6689E50B1ABCA23E0079C8ED /* AddTaskItemViewController.swift */; };
		6689E50E1ABCA3680079C8ED /* TaskListTableViewController.swift in Sources */ = {isa = PBXBuildFile; fileRef = 6689E50D1ABCA3680079C8ED /* TaskListTableViewController.swift */; };
		6689E5101ABCCD120079C8ED /* TaskItem.swift in Sources */ = {isa = PBXBuildFile; fileRef = 6689E50F1ABCCD120079C8ED /* TaskItem.swift */; };
		66A792FE1AE392E7002DBA66 /* AsyncUIImage.swift in Sources */ = {isa = PBXBuildFile; fileRef = 66A792FD1AE392E7002DBA66 /* AsyncUIImage.swift */; };
		66AF5E001ACF2849006AA027 /* LoginViewController.swift in Sources */ = {isa = PBXBuildFile; fileRef = 66AF5DFF1ACF2849006AA027 /* LoginViewController.swift */; };
		66BCE11D1AD84CB5009659EC /* Bolts.framework in Frameworks */ = {isa = PBXBuildFile; fileRef = 66BCE11B1AD84CB5009659EC /* Bolts.framework */; };
		66BCE11E1AD84CB5009659EC /* Parse.framework in Frameworks */ = {isa = PBXBuildFile; fileRef = 66BCE11C1AD84CB5009659EC /* Parse.framework */; };
		66D5AB261AC9EFB200C37F6E /* TasksTableViewCell.swift in Sources */ = {isa = PBXBuildFile; fileRef = 66D5AB251AC9EFB200C37F6E /* TasksTableViewCell.swift */; };
		66D746461ACA0D3A0077290A /* SettingsTableVC.swift in Sources */ = {isa = PBXBuildFile; fileRef = 66D746451ACA0D3A0077290A /* SettingsTableVC.swift */; };
		66D746491ACA53F30077290A /* DefaultSetting.swift in Sources */ = {isa = PBXBuildFile; fileRef = 66D746481ACA53F30077290A /* DefaultSetting.swift */; };
		66D7464B1ACA5A1C0077290A /* GroupsTableVC.swift in Sources */ = {isa = PBXBuildFile; fileRef = 66D7464A1ACA5A1C0077290A /* GroupsTableVC.swift */; };
		66D7464D1ACA5B880077290A /* FriendsTableVC.swift in Sources */ = {isa = PBXBuildFile; fileRef = 66D7464C1ACA5B880077290A /* FriendsTableVC.swift */; };
		66D746501ACB1E560077290A /* Model.xcdatamodeld in Sources */ = {isa = PBXBuildFile; fileRef = 66D7464E1ACB1E560077290A /* Model.xcdatamodeld */; };
		66E575711AA7C19B00F0890A /* AppDelegate.swift in Sources */ = {isa = PBXBuildFile; fileRef = 66E575701AA7C19B00F0890A /* AppDelegate.swift */; };
		66E575761AA7C19B00F0890A /* Main.storyboard in Resources */ = {isa = PBXBuildFile; fileRef = 66E575741AA7C19B00F0890A /* Main.storyboard */; };
		66E5757B1AA7C19B00F0890A /* LaunchScreen.xib in Resources */ = {isa = PBXBuildFile; fileRef = 66E575791AA7C19B00F0890A /* LaunchScreen.xib */; };
		66E575871AA7C19B00F0890A /* WePlanTests.swift in Sources */ = {isa = PBXBuildFile; fileRef = 66E575861AA7C19B00F0890A /* WePlanTests.swift */; };
		66E575911AA7C25800F0890A /* WePlanColors.swift in Sources */ = {isa = PBXBuildFile; fileRef = 66E575901AA7C25800F0890A /* WePlanColors.swift */; };
		66E575931AA8100400F0890A /* Setting.storyboard in Resources */ = {isa = PBXBuildFile; fileRef = 66E575921AA8100400F0890A /* Setting.storyboard */; };
		66E575951AA91E3400F0890A /* TabBarViewController.swift in Sources */ = {isa = PBXBuildFile; fileRef = 66E575941AA91E3400F0890A /* TabBarViewController.swift */; };
		66E575991AABBF0F00F0890A /* Friends.storyboard in Resources */ = {isa = PBXBuildFile; fileRef = 66E575981AABBF0F00F0890A /* Friends.storyboard */; };
		66E5759B1AABCAC000F0890A /* Tasks.storyboard in Resources */ = {isa = PBXBuildFile; fileRef = 66E5759A1AABCAC000F0890A /* Tasks.storyboard */; };
		66E5759D1AABCACB00F0890A /* Groups.storyboard in Resources */ = {isa = PBXBuildFile; fileRef = 66E5759C1AABCACB00F0890A /* Groups.storyboard */; };
		66FC89E61AD7173000A9017A /* FriendTableViewCell.swift in Sources */ = {isa = PBXBuildFile; fileRef = 66FC89E51AD7173000A9017A /* FriendTableViewCell.swift */; };
		C5276B311AD71BC200D260F3 /* ParseFriendAction.swift in Sources */ = {isa = PBXBuildFile; fileRef = C5276B301AD71BC200D260F3 /* ParseFriendAction.swift */; };
		C5E990111AE071A800963F18 /* ParseGroupAction.swift in Sources */ = {isa = PBXBuildFile; fileRef = C5E990101AE071A800963F18 /* ParseGroupAction.swift */; };
/* End PBXBuildFile section */

/* Begin PBXContainerItemProxy section */
		66E575811AA7C19B00F0890A /* PBXContainerItemProxy */ = {
			isa = PBXContainerItemProxy;
			containerPortal = 66E575631AA7C19B00F0890A /* Project object */;
			proxyType = 1;
			remoteGlobalIDString = 66E5756A1AA7C19B00F0890A;
			remoteInfo = WePlan;
		};
/* End PBXContainerItemProxy section */

/* Begin PBXFileReference section */
		546F2CCC1AE55BC900722AE7 /* AssignATaskToFriendTableViewController.swift */ = {isa = PBXFileReference; fileEncoding = 4; lastKnownFileType = sourcecode.swift; path = AssignATaskToFriendTableViewController.swift; sourceTree = "<group>"; };
		546F2CCF1AE5651100722AE7 /* AssignTaskToFriendTableViewCell.swift */ = {isa = PBXFileReference; fileEncoding = 4; lastKnownFileType = sourcecode.swift; path = AssignTaskToFriendTableViewCell.swift; sourceTree = "<group>"; };
		546F2CD11AE5D57300722AE7 /* AddPeopleToTaskTableViewController.swift */ = {isa = PBXFileReference; fileEncoding = 4; lastKnownFileType = sourcecode.swift; path = AddPeopleToTaskTableViewController.swift; sourceTree = "<group>"; };
		546F2CD51AE5DA1F00722AE7 /* AddPeopleToTaskTableViewCell.swift */ = {isa = PBXFileReference; fileEncoding = 4; lastKnownFileType = sourcecode.swift; path = AddPeopleToTaskTableViewCell.swift; sourceTree = "<group>"; };
		5482C5791AE199F7003A4A84 /* Images.xcassets */ = {isa = PBXFileReference; lastKnownFileType = folder.assetcatalog; path = Images.xcassets; sourceTree = "<group>"; };
		5482C57B1AE19C71003A4A84 /* FriendDetailViewController.swift */ = {isa = PBXFileReference; fileEncoding = 4; lastKnownFileType = sourcecode.swift; path = FriendDetailViewController.swift; sourceTree = "<group>"; };
		6623372E1AD442B800CA9BBB /* LocalUser.swift */ = {isa = PBXFileReference; fileEncoding = 4; lastKnownFileType = sourcecode.swift; path = LocalUser.swift; sourceTree = "<group>"; };
		663053B01ACBAD380073FB96 /* AudioToolbox.framework */ = {isa = PBXFileReference; lastKnownFileType = wrapper.framework; name = AudioToolbox.framework; path = System/Library/Frameworks/AudioToolbox.framework; sourceTree = SDKROOT; };
		663053B21ACBAD450073FB96 /* CFNetwork.framework */ = {isa = PBXFileReference; lastKnownFileType = wrapper.framework; name = CFNetwork.framework; path = System/Library/Frameworks/CFNetwork.framework; sourceTree = SDKROOT; };
		663053B41ACBAD570073FB96 /* CoreGraphics.framework */ = {isa = PBXFileReference; lastKnownFileType = wrapper.framework; name = CoreGraphics.framework; path = System/Library/Frameworks/CoreGraphics.framework; sourceTree = SDKROOT; };
		663053B61ACBAD5D0073FB96 /* CoreLocation.framework */ = {isa = PBXFileReference; lastKnownFileType = wrapper.framework; name = CoreLocation.framework; path = System/Library/Frameworks/CoreLocation.framework; sourceTree = SDKROOT; };
		663053B81ACBAD640073FB96 /* MobileCoreServices.framework */ = {isa = PBXFileReference; lastKnownFileType = wrapper.framework; name = MobileCoreServices.framework; path = System/Library/Frameworks/MobileCoreServices.framework; sourceTree = SDKROOT; };
		663053BA1ACBAD710073FB96 /* QuartzCore.framework */ = {isa = PBXFileReference; lastKnownFileType = wrapper.framework; name = QuartzCore.framework; path = System/Library/Frameworks/QuartzCore.framework; sourceTree = SDKROOT; };
		663053BC1ACBAD7C0073FB96 /* Security.framework */ = {isa = PBXFileReference; lastKnownFileType = wrapper.framework; name = Security.framework; path = System/Library/Frameworks/Security.framework; sourceTree = SDKROOT; };
		663053BE1ACBAD830073FB96 /* StoreKit.framework */ = {isa = PBXFileReference; lastKnownFileType = wrapper.framework; name = StoreKit.framework; path = System/Library/Frameworks/StoreKit.framework; sourceTree = SDKROOT; };
		663053C01ACBAD910073FB96 /* SystemConfiguration.framework */ = {isa = PBXFileReference; lastKnownFileType = wrapper.framework; name = SystemConfiguration.framework; path = System/Library/Frameworks/SystemConfiguration.framework; sourceTree = SDKROOT; };
		663053C21ACBAD9D0073FB96 /* libz.dylib */ = {isa = PBXFileReference; lastKnownFileType = "compiled.mach-o.dylib"; name = libz.dylib; path = usr/lib/libz.dylib; sourceTree = SDKROOT; };
		663053C41ACBADA80073FB96 /* libsqlite3.dylib */ = {isa = PBXFileReference; lastKnownFileType = "compiled.mach-o.dylib"; name = libsqlite3.dylib; path = usr/lib/libsqlite3.dylib; sourceTree = SDKROOT; };
		663053C81ACBAF4F0073FB96 /* WePlan-Bridging-Header.h */ = {isa = PBXFileReference; lastKnownFileType = sourcecode.c.h; path = "WePlan-Bridging-Header.h"; sourceTree = "<group>"; };
		663053C91ACBB36C0073FB96 /* ParseAction.swift */ = {isa = PBXFileReference; fileEncoding = 4; lastKnownFileType = sourcecode.swift; path = ParseAction.swift; sourceTree = "<group>"; };
		663053D01ACC83BF0073FB96 /* NSMutableArray+SWUtilityButtons.h */ = {isa = PBXFileReference; fileEncoding = 4; lastKnownFileType = sourcecode.c.h; path = "NSMutableArray+SWUtilityButtons.h"; sourceTree = "<group>"; };
		663053D11ACC83BF0073FB96 /* NSMutableArray+SWUtilityButtons.m */ = {isa = PBXFileReference; fileEncoding = 4; lastKnownFileType = sourcecode.c.objc; path = "NSMutableArray+SWUtilityButtons.m"; sourceTree = "<group>"; };
		663053D21ACC83BF0073FB96 /* SWCellScrollView.h */ = {isa = PBXFileReference; fileEncoding = 4; lastKnownFileType = sourcecode.c.h; path = SWCellScrollView.h; sourceTree = "<group>"; };
		663053D31ACC83BF0073FB96 /* SWCellScrollView.m */ = {isa = PBXFileReference; fileEncoding = 4; lastKnownFileType = sourcecode.c.objc; path = SWCellScrollView.m; sourceTree = "<group>"; };
		663053D41ACC83BF0073FB96 /* SWLongPressGestureRecognizer.h */ = {isa = PBXFileReference; fileEncoding = 4; lastKnownFileType = sourcecode.c.h; path = SWLongPressGestureRecognizer.h; sourceTree = "<group>"; };
		663053D51ACC83BF0073FB96 /* SWLongPressGestureRecognizer.m */ = {isa = PBXFileReference; fileEncoding = 4; lastKnownFileType = sourcecode.c.objc; path = SWLongPressGestureRecognizer.m; sourceTree = "<group>"; };
		663053D61ACC83BF0073FB96 /* SWTableViewCell.h */ = {isa = PBXFileReference; fileEncoding = 4; lastKnownFileType = sourcecode.c.h; path = SWTableViewCell.h; sourceTree = "<group>"; };
		663053D71ACC83BF0073FB96 /* SWTableViewCell.m */ = {isa = PBXFileReference; fileEncoding = 4; lastKnownFileType = sourcecode.c.objc; path = SWTableViewCell.m; sourceTree = "<group>"; };
		663053D81ACC83BF0073FB96 /* SWUtilityButtonTapGestureRecognizer.h */ = {isa = PBXFileReference; fileEncoding = 4; lastKnownFileType = sourcecode.c.h; path = SWUtilityButtonTapGestureRecognizer.h; sourceTree = "<group>"; };
		663053D91ACC83BF0073FB96 /* SWUtilityButtonTapGestureRecognizer.m */ = {isa = PBXFileReference; fileEncoding = 4; lastKnownFileType = sourcecode.c.objc; path = SWUtilityButtonTapGestureRecognizer.m; sourceTree = "<group>"; };
		663053DA1ACC83BF0073FB96 /* SWUtilityButtonView.h */ = {isa = PBXFileReference; fileEncoding = 4; lastKnownFileType = sourcecode.c.h; path = SWUtilityButtonView.h; sourceTree = "<group>"; };
		663053DB1ACC83BF0073FB96 /* SWUtilityButtonView.m */ = {isa = PBXFileReference; fileEncoding = 4; lastKnownFileType = sourcecode.c.objc; path = SWUtilityButtonView.m; sourceTree = "<group>"; };
		663053E21ACCC2180073FB96 /* Friend.swift */ = {isa = PBXFileReference; fileEncoding = 4; lastKnownFileType = sourcecode.swift; path = Friend.swift; sourceTree = "<group>"; };
		663053E41ACCC28A0073FB96 /* User.swift */ = {isa = PBXFileReference; fileEncoding = 4; lastKnownFileType = sourcecode.swift; path = User.swift; sourceTree = "<group>"; };
		663053E61ACCC4320073FB96 /* Group.swift */ = {isa = PBXFileReference; fileEncoding = 4; lastKnownFileType = sourcecode.swift; path = Group.swift; sourceTree = "<group>"; };
		6655F5101AE18E59005BA9E3 /* ParseImageAction.swift */ = {isa = PBXFileReference; fileEncoding = 4; lastKnownFileType = sourcecode.swift; path = ParseImageAction.swift; sourceTree = "<group>"; };
		66588B431AD853D90019BD3D /* SearchFriendTableViewCell.swift */ = {isa = PBXFileReference; fileEncoding = 4; lastKnownFileType = sourcecode.swift; path = SearchFriendTableViewCell.swift; sourceTree = "<group>"; };
		665BFE021AD35983009262D5 /* SignUpViewController.swift */ = {isa = PBXFileReference; fileEncoding = 4; lastKnownFileType = sourcecode.swift; path = SignUpViewController.swift; sourceTree = "<group>"; };
		6665868E1AD73DDF0008B4F6 /* SearchFriendVC.swift */ = {isa = PBXFileReference; fileEncoding = 4; lastKnownFileType = sourcecode.swift; name = SearchFriendVC.swift; path = ../SearchFriendVC.swift; sourceTree = "<group>"; };
		6689E50B1ABCA23E0079C8ED /* AddTaskItemViewController.swift */ = {isa = PBXFileReference; fileEncoding = 4; lastKnownFileType = sourcecode.swift; path = AddTaskItemViewController.swift; sourceTree = "<group>"; };
		6689E50D1ABCA3680079C8ED /* TaskListTableViewController.swift */ = {isa = PBXFileReference; fileEncoding = 4; lastKnownFileType = sourcecode.swift; path = TaskListTableViewController.swift; sourceTree = "<group>"; };
		6689E50F1ABCCD120079C8ED /* TaskItem.swift */ = {isa = PBXFileReference; fileEncoding = 4; lastKnownFileType = sourcecode.swift; path = TaskItem.swift; sourceTree = "<group>"; };
		66A792FD1AE392E7002DBA66 /* AsyncUIImage.swift */ = {isa = PBXFileReference; fileEncoding = 4; lastKnownFileType = sourcecode.swift; path = AsyncUIImage.swift; sourceTree = "<group>"; };
		66AF5DFF1ACF2849006AA027 /* LoginViewController.swift */ = {isa = PBXFileReference; fileEncoding = 4; lastKnownFileType = sourcecode.swift; path = LoginViewController.swift; sourceTree = "<group>"; };
		66BCE11B1AD84CB5009659EC /* Bolts.framework */ = {isa = PBXFileReference; lastKnownFileType = wrapper.framework; path = Bolts.framework; sourceTree = "<group>"; };
		66BCE11C1AD84CB5009659EC /* Parse.framework */ = {isa = PBXFileReference; lastKnownFileType = wrapper.framework; path = Parse.framework; sourceTree = "<group>"; };
		66D5AB251AC9EFB200C37F6E /* TasksTableViewCell.swift */ = {isa = PBXFileReference; fileEncoding = 4; lastKnownFileType = sourcecode.swift; path = TasksTableViewCell.swift; sourceTree = "<group>"; };
		66D746451ACA0D3A0077290A /* SettingsTableVC.swift */ = {isa = PBXFileReference; fileEncoding = 4; lastKnownFileType = sourcecode.swift; path = SettingsTableVC.swift; sourceTree = "<group>"; };
		66D746481ACA53F30077290A /* DefaultSetting.swift */ = {isa = PBXFileReference; fileEncoding = 4; lastKnownFileType = sourcecode.swift; path = DefaultSetting.swift; sourceTree = "<group>"; };
		66D7464A1ACA5A1C0077290A /* GroupsTableVC.swift */ = {isa = PBXFileReference; fileEncoding = 4; lastKnownFileType = sourcecode.swift; path = GroupsTableVC.swift; sourceTree = "<group>"; };
		66D7464C1ACA5B880077290A /* FriendsTableVC.swift */ = {isa = PBXFileReference; fileEncoding = 4; lastKnownFileType = sourcecode.swift; path = FriendsTableVC.swift; sourceTree = "<group>"; };
		66D7464F1ACB1E560077290A /* Model.xcdatamodel */ = {isa = PBXFileReference; lastKnownFileType = wrapper.xcdatamodel; path = Model.xcdatamodel; sourceTree = "<group>"; };
		66E5756B1AA7C19B00F0890A /* WePlan.app */ = {isa = PBXFileReference; explicitFileType = wrapper.application; includeInIndex = 0; path = WePlan.app; sourceTree = BUILT_PRODUCTS_DIR; };
		66E5756F1AA7C19B00F0890A /* Info.plist */ = {isa = PBXFileReference; lastKnownFileType = text.plist.xml; path = Info.plist; sourceTree = "<group>"; };
		66E575701AA7C19B00F0890A /* AppDelegate.swift */ = {isa = PBXFileReference; lastKnownFileType = sourcecode.swift; path = AppDelegate.swift; sourceTree = "<group>"; };
		66E575751AA7C19B00F0890A /* Base */ = {isa = PBXFileReference; lastKnownFileType = file.storyboard; name = Base; path = Base.lproj/Main.storyboard; sourceTree = "<group>"; };
		66E5757A1AA7C19B00F0890A /* Base */ = {isa = PBXFileReference; lastKnownFileType = file.xib; name = Base; path = Base.lproj/LaunchScreen.xib; sourceTree = "<group>"; };
		66E575801AA7C19B00F0890A /* WePlanTests.xctest */ = {isa = PBXFileReference; explicitFileType = wrapper.cfbundle; includeInIndex = 0; path = WePlanTests.xctest; sourceTree = BUILT_PRODUCTS_DIR; };
		66E575851AA7C19B00F0890A /* Info.plist */ = {isa = PBXFileReference; lastKnownFileType = text.plist.xml; path = Info.plist; sourceTree = "<group>"; };
		66E575861AA7C19B00F0890A /* WePlanTests.swift */ = {isa = PBXFileReference; lastKnownFileType = sourcecode.swift; path = WePlanTests.swift; sourceTree = "<group>"; };
		66E575901AA7C25800F0890A /* WePlanColors.swift */ = {isa = PBXFileReference; fileEncoding = 4; lastKnownFileType = sourcecode.swift; path = WePlanColors.swift; sourceTree = "<group>"; };
		66E575921AA8100400F0890A /* Setting.storyboard */ = {isa = PBXFileReference; fileEncoding = 4; lastKnownFileType = file.storyboard; path = Setting.storyboard; sourceTree = "<group>"; };
		66E575941AA91E3400F0890A /* TabBarViewController.swift */ = {isa = PBXFileReference; fileEncoding = 4; lastKnownFileType = sourcecode.swift; path = TabBarViewController.swift; sourceTree = "<group>"; };
		66E575981AABBF0F00F0890A /* Friends.storyboard */ = {isa = PBXFileReference; fileEncoding = 4; lastKnownFileType = file.storyboard; path = Friends.storyboard; sourceTree = "<group>"; };
		66E5759A1AABCAC000F0890A /* Tasks.storyboard */ = {isa = PBXFileReference; fileEncoding = 4; lastKnownFileType = file.storyboard; path = Tasks.storyboard; sourceTree = "<group>"; };
		66E5759C1AABCACB00F0890A /* Groups.storyboard */ = {isa = PBXFileReference; fileEncoding = 4; lastKnownFileType = file.storyboard; path = Groups.storyboard; sourceTree = "<group>"; };
		66FC89E51AD7173000A9017A /* FriendTableViewCell.swift */ = {isa = PBXFileReference; fileEncoding = 4; lastKnownFileType = sourcecode.swift; path = FriendTableViewCell.swift; sourceTree = "<group>"; };
		C5276B301AD71BC200D260F3 /* ParseFriendAction.swift */ = {isa = PBXFileReference; fileEncoding = 4; lastKnownFileType = sourcecode.swift; path = ParseFriendAction.swift; sourceTree = "<group>"; };
		C5E990101AE071A800963F18 /* ParseGroupAction.swift */ = {isa = PBXFileReference; fileEncoding = 4; lastKnownFileType = sourcecode.swift; path = ParseGroupAction.swift; sourceTree = "<group>"; };
/* End PBXFileReference section */

/* Begin PBXFrameworksBuildPhase section */
		66E575681AA7C19B00F0890A /* Frameworks */ = {
			isa = PBXFrameworksBuildPhase;
			buildActionMask = 2147483647;
			files = (
				663053C51ACBADA80073FB96 /* libsqlite3.dylib in Frameworks */,
				663053C31ACBAD9D0073FB96 /* libz.dylib in Frameworks */,
				663053C11ACBAD910073FB96 /* SystemConfiguration.framework in Frameworks */,
				66BCE11D1AD84CB5009659EC /* Bolts.framework in Frameworks */,
				663053BF1ACBAD830073FB96 /* StoreKit.framework in Frameworks */,
				663053BD1ACBAD7C0073FB96 /* Security.framework in Frameworks */,
				66BCE11E1AD84CB5009659EC /* Parse.framework in Frameworks */,
				663053BB1ACBAD710073FB96 /* QuartzCore.framework in Frameworks */,
				663053B91ACBAD640073FB96 /* MobileCoreServices.framework in Frameworks */,
				663053B71ACBAD5D0073FB96 /* CoreLocation.framework in Frameworks */,
				663053B51ACBAD570073FB96 /* CoreGraphics.framework in Frameworks */,
				663053B31ACBAD450073FB96 /* CFNetwork.framework in Frameworks */,
				663053B11ACBAD380073FB96 /* AudioToolbox.framework in Frameworks */,
			);
			runOnlyForDeploymentPostprocessing = 0;
		};
		66E5757D1AA7C19B00F0890A /* Frameworks */ = {
			isa = PBXFrameworksBuildPhase;
			buildActionMask = 2147483647;
			files = (
			);
			runOnlyForDeploymentPostprocessing = 0;
		};
/* End PBXFrameworksBuildPhase section */

/* Begin PBXGroup section */
		546F2CCE1AE564DE00722AE7 /* AssignTaskTo Friend */ = {
			isa = PBXGroup;
			children = (
				546F2CCC1AE55BC900722AE7 /* AssignATaskToFriendTableViewController.swift */,
				546F2CCF1AE5651100722AE7 /* AssignTaskToFriendTableViewCell.swift */,
			);
			name = "AssignTaskTo Friend";
			sourceTree = "<group>";
		};
		546F2CD41AE5D5AE00722AE7 /* AddPeopleToTask */ = {
			isa = PBXGroup;
			children = (
				546F2CD11AE5D57300722AE7 /* AddPeopleToTaskTableViewController.swift */,
				546F2CD51AE5DA1F00722AE7 /* AddPeopleToTaskTableViewCell.swift */,
			);
			name = AddPeopleToTask;
			sourceTree = "<group>";
		};
		663053A91ACBAB8E0073FB96 /* FriendsViews&Controllers */ = {
			isa = PBXGroup;
			children = (
				66D7464C1ACA5B880077290A /* FriendsTableVC.swift */,
				66FC89E51AD7173000A9017A /* FriendTableViewCell.swift */,
				6665868E1AD73DDF0008B4F6 /* SearchFriendVC.swift */,
				66588B431AD853D90019BD3D /* SearchFriendTableViewCell.swift */,
				5482C57B1AE19C71003A4A84 /* FriendDetailViewController.swift */,
				546F2CCE1AE564DE00722AE7 /* AssignTaskTo Friend */,
			);
			name = "FriendsViews&Controllers";
			sourceTree = "<group>";
		};
		663053AA1ACBABA40073FB96 /* GroupsViews&Controllers */ = {
			isa = PBXGroup;
			children = (
				66D7464A1ACA5A1C0077290A /* GroupsTableVC.swift */,
			);
			name = "GroupsViews&Controllers";
			sourceTree = "<group>";
		};
		663053AB1ACBABB40073FB96 /* SettingsViews&Controllers */ = {
			isa = PBXGroup;
			children = (
				66D746451ACA0D3A0077290A /* SettingsTableVC.swift */,
			);
			name = "SettingsViews&Controllers";
			sourceTree = "<group>";
		};
		663053C61ACBADB60073FB96 /* Frameworks */ = {
			isa = PBXGroup;
			children = (
				66BCE11B1AD84CB5009659EC /* Bolts.framework */,
				66BCE11C1AD84CB5009659EC /* Parse.framework */,
				663053C41ACBADA80073FB96 /* libsqlite3.dylib */,
				663053C21ACBAD9D0073FB96 /* libz.dylib */,
				663053C01ACBAD910073FB96 /* SystemConfiguration.framework */,
				663053BE1ACBAD830073FB96 /* StoreKit.framework */,
				663053BC1ACBAD7C0073FB96 /* Security.framework */,
				663053BA1ACBAD710073FB96 /* QuartzCore.framework */,
				663053B81ACBAD640073FB96 /* MobileCoreServices.framework */,
				663053B61ACBAD5D0073FB96 /* CoreLocation.framework */,
				663053B41ACBAD570073FB96 /* CoreGraphics.framework */,
				663053B21ACBAD450073FB96 /* CFNetwork.framework */,
				663053B01ACBAD380073FB96 /* AudioToolbox.framework */,
			);
			name = Frameworks;
			sourceTree = "<group>";
		};
		663053CF1ACC82DF0073FB96 /* outSource */ = {
			isa = PBXGroup;
			children = (
				663053D01ACC83BF0073FB96 /* NSMutableArray+SWUtilityButtons.h */,
				663053D11ACC83BF0073FB96 /* NSMutableArray+SWUtilityButtons.m */,
				663053D21ACC83BF0073FB96 /* SWCellScrollView.h */,
				663053D31ACC83BF0073FB96 /* SWCellScrollView.m */,
				663053D41ACC83BF0073FB96 /* SWLongPressGestureRecognizer.h */,
				663053D51ACC83BF0073FB96 /* SWLongPressGestureRecognizer.m */,
				663053D61ACC83BF0073FB96 /* SWTableViewCell.h */,
				663053D71ACC83BF0073FB96 /* SWTableViewCell.m */,
				663053D81ACC83BF0073FB96 /* SWUtilityButtonTapGestureRecognizer.h */,
				663053D91ACC83BF0073FB96 /* SWUtilityButtonTapGestureRecognizer.m */,
				663053DA1ACC83BF0073FB96 /* SWUtilityButtonView.h */,
				663053DB1ACC83BF0073FB96 /* SWUtilityButtonView.m */,
			);
			name = outSource;
			sourceTree = "<group>";
		};
		6689E5111ABCCD840079C8ED /* Model */ = {
			isa = PBXGroup;
			children = (
				66A792FD1AE392E7002DBA66 /* AsyncUIImage.swift */,
				6689E50F1ABCCD120079C8ED /* TaskItem.swift */,
				6623372E1AD442B800CA9BBB /* LocalUser.swift */,
				663053E41ACCC28A0073FB96 /* User.swift */,
				663053E21ACCC2180073FB96 /* Friend.swift */,
				663053E61ACCC4320073FB96 /* Group.swift */,
				663053C91ACBB36C0073FB96 /* ParseAction.swift */,
				C5276B301AD71BC200D260F3 /* ParseFriendAction.swift */,
				C5E990101AE071A800963F18 /* ParseGroupAction.swift */,
				6655F5101AE18E59005BA9E3 /* ParseImageAction.swift */,
			);
			name = Model;
			sourceTree = "<group>";
		};
		66AF5DFE1ACD1372006AA027 /* TasksViews */ = {
			isa = PBXGroup;
			children = (
				66D5AB251AC9EFB200C37F6E /* TasksTableViewCell.swift */,
			);
			name = TasksViews;
			sourceTree = "<group>";
		};
		66D746471ACA0DB50077290A /* TasksViews&Controllers */ = {
			isa = PBXGroup;
			children = (
				6689E50D1ABCA3680079C8ED /* TaskListTableViewController.swift */,
				6689E50B1ABCA23E0079C8ED /* AddTaskItemViewController.swift */,
				66AF5DFE1ACD1372006AA027 /* TasksViews */,
				546F2CD41AE5D5AE00722AE7 /* AddPeopleToTask */,
			);
			name = "TasksViews&Controllers";
			sourceTree = "<group>";
		};
		66E575621AA7C19A00F0890A = {
			isa = PBXGroup;
			children = (
				66E5756D1AA7C19B00F0890A /* WePlan */,
				66E575831AA7C19B00F0890A /* WePlanTests */,
				66E5756C1AA7C19B00F0890A /* Products */,
				663053C61ACBADB60073FB96 /* Frameworks */,
			);
			sourceTree = "<group>";
		};
		66E5756C1AA7C19B00F0890A /* Products */ = {
			isa = PBXGroup;
			children = (
				66E5756B1AA7C19B00F0890A /* WePlan.app */,
				66E575801AA7C19B00F0890A /* WePlanTests.xctest */,
			);
			name = Products;
			sourceTree = "<group>";
		};
		66E5756D1AA7C19B00F0890A /* WePlan */ = {
			isa = PBXGroup;
			children = (
				66E575901AA7C25800F0890A /* WePlanColors.swift */,
				66D746481ACA53F30077290A /* DefaultSetting.swift */,
				66E575941AA91E3400F0890A /* TabBarViewController.swift */,
				66E575741AA7C19B00F0890A /* Main.storyboard */,
				66AF5DFF1ACF2849006AA027 /* LoginViewController.swift */,
				665BFE021AD35983009262D5 /* SignUpViewController.swift */,
				66E5759A1AABCAC000F0890A /* Tasks.storyboard */,
				66E575981AABBF0F00F0890A /* Friends.storyboard */,
				66E5759C1AABCACB00F0890A /* Groups.storyboard */,
				66E575921AA8100400F0890A /* Setting.storyboard */,
				663053CF1ACC82DF0073FB96 /* outSource */,
				66D746471ACA0DB50077290A /* TasksViews&Controllers */,
				663053A91ACBAB8E0073FB96 /* FriendsViews&Controllers */,
				663053AA1ACBABA40073FB96 /* GroupsViews&Controllers */,
				663053AB1ACBABB40073FB96 /* SettingsViews&Controllers */,
				6689E5111ABCCD840079C8ED /* Model */,
				66E5756E1AA7C19B00F0890A /* Supporting Files */,
				66D7464E1ACB1E560077290A /* Model.xcdatamodeld */,
			);
			path = WePlan;
			sourceTree = "<group>";
		};
		66E5756E1AA7C19B00F0890A /* Supporting Files */ = {
			isa = PBXGroup;
			children = (
				5482C5791AE199F7003A4A84 /* Images.xcassets */,
				66E575791AA7C19B00F0890A /* LaunchScreen.xib */,
				66E575701AA7C19B00F0890A /* AppDelegate.swift */,
				663053C81ACBAF4F0073FB96 /* WePlan-Bridging-Header.h */,
				66E5756F1AA7C19B00F0890A /* Info.plist */,
			);
			name = "Supporting Files";
			sourceTree = "<group>";
		};
		66E575831AA7C19B00F0890A /* WePlanTests */ = {
			isa = PBXGroup;
			children = (
				66E575861AA7C19B00F0890A /* WePlanTests.swift */,
				66E575841AA7C19B00F0890A /* Supporting Files */,
			);
			path = WePlanTests;
			sourceTree = "<group>";
		};
		66E575841AA7C19B00F0890A /* Supporting Files */ = {
			isa = PBXGroup;
			children = (
				66E575851AA7C19B00F0890A /* Info.plist */,
			);
			name = "Supporting Files";
			sourceTree = "<group>";
		};
/* End PBXGroup section */

/* Begin PBXNativeTarget section */
		66E5756A1AA7C19B00F0890A /* WePlan */ = {
			isa = PBXNativeTarget;
			buildConfigurationList = 66E5758A1AA7C19B00F0890A /* Build configuration list for PBXNativeTarget "WePlan" */;
			buildPhases = (
				66E575671AA7C19B00F0890A /* Sources */,
				66E575681AA7C19B00F0890A /* Frameworks */,
				66E575691AA7C19B00F0890A /* Resources */,
			);
			buildRules = (
			);
			dependencies = (
			);
			name = WePlan;
			productName = WePlan;
			productReference = 66E5756B1AA7C19B00F0890A /* WePlan.app */;
			productType = "com.apple.product-type.application";
		};
		66E5757F1AA7C19B00F0890A /* WePlanTests */ = {
			isa = PBXNativeTarget;
			buildConfigurationList = 66E5758D1AA7C19B00F0890A /* Build configuration list for PBXNativeTarget "WePlanTests" */;
			buildPhases = (
				66E5757C1AA7C19B00F0890A /* Sources */,
				66E5757D1AA7C19B00F0890A /* Frameworks */,
				66E5757E1AA7C19B00F0890A /* Resources */,
			);
			buildRules = (
			);
			dependencies = (
				66E575821AA7C19B00F0890A /* PBXTargetDependency */,
			);
			name = WePlanTests;
			productName = WePlanTests;
			productReference = 66E575801AA7C19B00F0890A /* WePlanTests.xctest */;
			productType = "com.apple.product-type.bundle.unit-test";
		};
/* End PBXNativeTarget section */

/* Begin PBXProject section */
		66E575631AA7C19B00F0890A /* Project object */ = {
			isa = PBXProject;
			attributes = {
				LastUpgradeCheck = 0610;
				ORGANIZATIONNAME = "WP Group";
				TargetAttributes = {
					66E5756A1AA7C19B00F0890A = {
						CreatedOnToolsVersion = 6.1.1;
						DevelopmentTeam = 6QN349HHUB;
					};
					66E5757F1AA7C19B00F0890A = {
						CreatedOnToolsVersion = 6.1.1;
						TestTargetID = 66E5756A1AA7C19B00F0890A;
					};
				};
			};
			buildConfigurationList = 66E575661AA7C19B00F0890A /* Build configuration list for PBXProject "WePlan" */;
			compatibilityVersion = "Xcode 3.2";
			developmentRegion = English;
			hasScannedForEncodings = 0;
			knownRegions = (
				en,
				Base,
			);
			mainGroup = 66E575621AA7C19A00F0890A;
			productRefGroup = 66E5756C1AA7C19B00F0890A /* Products */;
			projectDirPath = "";
			projectRoot = "";
			targets = (
				66E5756A1AA7C19B00F0890A /* WePlan */,
				66E5757F1AA7C19B00F0890A /* WePlanTests */,
			);
		};
/* End PBXProject section */

/* Begin PBXResourcesBuildPhase section */
		66E575691AA7C19B00F0890A /* Resources */ = {
			isa = PBXResourcesBuildPhase;
			buildActionMask = 2147483647;
			files = (
				66E575761AA7C19B00F0890A /* Main.storyboard in Resources */,
				66E575991AABBF0F00F0890A /* Friends.storyboard in Resources */,
				5482C57A1AE199F7003A4A84 /* Images.xcassets in Resources */,
				66E5757B1AA7C19B00F0890A /* LaunchScreen.xib in Resources */,
				66E5759B1AABCAC000F0890A /* Tasks.storyboard in Resources */,
				66E575931AA8100400F0890A /* Setting.storyboard in Resources */,
				66E5759D1AABCACB00F0890A /* Groups.storyboard in Resources */,
			);
			runOnlyForDeploymentPostprocessing = 0;
		};
		66E5757E1AA7C19B00F0890A /* Resources */ = {
			isa = PBXResourcesBuildPhase;
			buildActionMask = 2147483647;
			files = (
			);
			runOnlyForDeploymentPostprocessing = 0;
		};
/* End PBXResourcesBuildPhase section */

/* Begin PBXSourcesBuildPhase section */
		66E575671AA7C19B00F0890A /* Sources */ = {
			isa = PBXSourcesBuildPhase;
			buildActionMask = 2147483647;
			files = (
				66D7464D1ACA5B880077290A /* FriendsTableVC.swift in Sources */,
				6623372F1AD442B800CA9BBB /* LocalUser.swift in Sources */,
				6655F5111AE18E59005BA9E3 /* ParseImageAction.swift in Sources */,
				6665868F1AD73DDF0008B4F6 /* SearchFriendVC.swift in Sources */,
				66D746501ACB1E560077290A /* Model.xcdatamodeld in Sources */,
				66E575911AA7C25800F0890A /* WePlanColors.swift in Sources */,
				66AF5E001ACF2849006AA027 /* LoginViewController.swift in Sources */,
				546F2CD01AE5651100722AE7 /* AssignTaskToFriendTableViewCell.swift in Sources */,
				546F2CD61AE5DA1F00722AE7 /* AddPeopleToTaskTableViewCell.swift in Sources */,
				6689E5101ABCCD120079C8ED /* TaskItem.swift in Sources */,
				66E575951AA91E3400F0890A /* TabBarViewController.swift in Sources */,
				66FC89E61AD7173000A9017A /* FriendTableViewCell.swift in Sources */,
				5482C57C1AE19C71003A4A84 /* FriendDetailViewController.swift in Sources */,
				6689E50C1ABCA23E0079C8ED /* AddTaskItemViewController.swift in Sources */,
				66D746461ACA0D3A0077290A /* SettingsTableVC.swift in Sources */,
				546F2CD21AE5D57300722AE7 /* AddPeopleToTaskTableViewController.swift in Sources */,
				663053E31ACCC2180073FB96 /* Friend.swift in Sources */,
				663053DE1ACC83BF0073FB96 /* SWLongPressGestureRecognizer.m in Sources */,
				C5E990111AE071A800963F18 /* ParseGroupAction.swift in Sources */,
				6689E50E1ABCA3680079C8ED /* TaskListTableViewController.swift in Sources */,
				663053DF1ACC83BF0073FB96 /* SWTableViewCell.m in Sources */,
				663053E71ACCC4320073FB96 /* Group.swift in Sources */,
				66D746491ACA53F30077290A /* DefaultSetting.swift in Sources */,
				66D5AB261AC9EFB200C37F6E /* TasksTableViewCell.swift in Sources */,
				663053DC1ACC83BF0073FB96 /* NSMutableArray+SWUtilityButtons.m in Sources */,
				546F2CCD1AE55BC900722AE7 /* AssignATaskToFriendTableViewController.swift in Sources */,
				66E575711AA7C19B00F0890A /* AppDelegate.swift in Sources */,
				663053E11ACC83BF0073FB96 /* SWUtilityButtonView.m in Sources */,
				665BFE031AD35983009262D5 /* SignUpViewController.swift in Sources */,
				663053DD1ACC83BF0073FB96 /* SWCellScrollView.m in Sources */,
				66D7464B1ACA5A1C0077290A /* GroupsTableVC.swift in Sources */,
				663053E01ACC83BF0073FB96 /* SWUtilityButtonTapGestureRecognizer.m in Sources */,
				663053CA1ACBB36C0073FB96 /* ParseAction.swift in Sources */,
				C5276B311AD71BC200D260F3 /* ParseFriendAction.swift in Sources */,
				66588B441AD853D90019BD3D /* SearchFriendTableViewCell.swift in Sources */,
				663053E51ACCC28A0073FB96 /* User.swift in Sources */,
				66A792FE1AE392E7002DBA66 /* AsyncUIImage.swift in Sources */,
			);
			runOnlyForDeploymentPostprocessing = 0;
		};
		66E5757C1AA7C19B00F0890A /* Sources */ = {
			isa = PBXSourcesBuildPhase;
			buildActionMask = 2147483647;
			files = (
				66E575871AA7C19B00F0890A /* WePlanTests.swift in Sources */,
			);
			runOnlyForDeploymentPostprocessing = 0;
		};
/* End PBXSourcesBuildPhase section */

/* Begin PBXTargetDependency section */
		66E575821AA7C19B00F0890A /* PBXTargetDependency */ = {
			isa = PBXTargetDependency;
			target = 66E5756A1AA7C19B00F0890A /* WePlan */;
			targetProxy = 66E575811AA7C19B00F0890A /* PBXContainerItemProxy */;
		};
/* End PBXTargetDependency section */

/* Begin PBXVariantGroup section */
		66E575741AA7C19B00F0890A /* Main.storyboard */ = {
			isa = PBXVariantGroup;
			children = (
				66E575751AA7C19B00F0890A /* Base */,
			);
			name = Main.storyboard;
			sourceTree = "<group>";
		};
		66E575791AA7C19B00F0890A /* LaunchScreen.xib */ = {
			isa = PBXVariantGroup;
			children = (
				66E5757A1AA7C19B00F0890A /* Base */,
			);
			name = LaunchScreen.xib;
			sourceTree = "<group>";
		};
/* End PBXVariantGroup section */

/* Begin XCBuildConfiguration section */
		66E575881AA7C19B00F0890A /* Debug */ = {
			isa = XCBuildConfiguration;
			buildSettings = {
				ALWAYS_SEARCH_USER_PATHS = NO;
				CLANG_CXX_LANGUAGE_STANDARD = "gnu++0x";
				CLANG_CXX_LIBRARY = "libc++";
				CLANG_ENABLE_MODULES = YES;
				CLANG_ENABLE_OBJC_ARC = YES;
				CLANG_WARN_BOOL_CONVERSION = YES;
				CLANG_WARN_CONSTANT_CONVERSION = YES;
				CLANG_WARN_DIRECT_OBJC_ISA_USAGE = YES_ERROR;
				CLANG_WARN_EMPTY_BODY = YES;
				CLANG_WARN_ENUM_CONVERSION = YES;
				CLANG_WARN_INT_CONVERSION = YES;
				CLANG_WARN_OBJC_ROOT_CLASS = YES_ERROR;
				CLANG_WARN_UNREACHABLE_CODE = YES;
				CLANG_WARN__DUPLICATE_METHOD_MATCH = YES;
				"CODE_SIGN_IDENTITY[sdk=iphoneos*]" = "iPhone Developer";
				COPY_PHASE_STRIP = NO;
				ENABLE_STRICT_OBJC_MSGSEND = YES;
				GCC_C_LANGUAGE_STANDARD = gnu99;
				GCC_DYNAMIC_NO_PIC = NO;
				GCC_OPTIMIZATION_LEVEL = 0;
				GCC_PREPROCESSOR_DEFINITIONS = (
					"DEBUG=1",
					"$(inherited)",
				);
				GCC_SYMBOLS_PRIVATE_EXTERN = NO;
				GCC_WARN_64_TO_32_BIT_CONVERSION = YES;
				GCC_WARN_ABOUT_RETURN_TYPE = YES_ERROR;
				GCC_WARN_UNDECLARED_SELECTOR = YES;
				GCC_WARN_UNINITIALIZED_AUTOS = YES_AGGRESSIVE;
				GCC_WARN_UNUSED_FUNCTION = YES;
				GCC_WARN_UNUSED_VARIABLE = YES;
				IPHONEOS_DEPLOYMENT_TARGET = 8.1;
				MTL_ENABLE_DEBUG_INFO = YES;
				ONLY_ACTIVE_ARCH = YES;
				SDKROOT = iphoneos;
				SWIFT_OPTIMIZATION_LEVEL = "-Onone";
				TARGETED_DEVICE_FAMILY = "1,2";
			};
			name = Debug;
		};
		66E575891AA7C19B00F0890A /* Release */ = {
			isa = XCBuildConfiguration;
			buildSettings = {
				ALWAYS_SEARCH_USER_PATHS = NO;
				CLANG_CXX_LANGUAGE_STANDARD = "gnu++0x";
				CLANG_CXX_LIBRARY = "libc++";
				CLANG_ENABLE_MODULES = YES;
				CLANG_ENABLE_OBJC_ARC = YES;
				CLANG_WARN_BOOL_CONVERSION = YES;
				CLANG_WARN_CONSTANT_CONVERSION = YES;
				CLANG_WARN_DIRECT_OBJC_ISA_USAGE = YES_ERROR;
				CLANG_WARN_EMPTY_BODY = YES;
				CLANG_WARN_ENUM_CONVERSION = YES;
				CLANG_WARN_INT_CONVERSION = YES;
				CLANG_WARN_OBJC_ROOT_CLASS = YES_ERROR;
				CLANG_WARN_UNREACHABLE_CODE = YES;
				CLANG_WARN__DUPLICATE_METHOD_MATCH = YES;
				"CODE_SIGN_IDENTITY[sdk=iphoneos*]" = "iPhone Developer";
				COPY_PHASE_STRIP = YES;
				ENABLE_NS_ASSERTIONS = NO;
				ENABLE_STRICT_OBJC_MSGSEND = YES;
				GCC_C_LANGUAGE_STANDARD = gnu99;
				GCC_WARN_64_TO_32_BIT_CONVERSION = YES;
				GCC_WARN_ABOUT_RETURN_TYPE = YES_ERROR;
				GCC_WARN_UNDECLARED_SELECTOR = YES;
				GCC_WARN_UNINITIALIZED_AUTOS = YES_AGGRESSIVE;
				GCC_WARN_UNUSED_FUNCTION = YES;
				GCC_WARN_UNUSED_VARIABLE = YES;
				IPHONEOS_DEPLOYMENT_TARGET = 8.1;
				MTL_ENABLE_DEBUG_INFO = NO;
				SDKROOT = iphoneos;
				TARGETED_DEVICE_FAMILY = "1,2";
				VALIDATE_PRODUCT = YES;
			};
			name = Release;
		};
		66E5758B1AA7C19B00F0890A /* Debug */ = {
			isa = XCBuildConfiguration;
			buildSettings = {
				ASSETCATALOG_COMPILER_APPICON_NAME = AppIcon;
				CLANG_ENABLE_MODULES = YES;
				CODE_SIGN_IDENTITY = "iPhone Developer";
				FRAMEWORK_SEARCH_PATHS = (
					"$(inherited)",
					"$(PROJECT_DIR)",
				);
				INFOPLIST_FILE = WePlan/Info.plist;
				IPHONEOS_DEPLOYMENT_TARGET = 8.2;
				LD_RUNPATH_SEARCH_PATHS = "$(inherited) @executable_path/Frameworks";
				PRODUCT_NAME = "$(TARGET_NAME)";
				SWIFT_OBJC_BRIDGING_HEADER = "WePlan/WePlan-Bridging-Header.h";
				SWIFT_OPTIMIZATION_LEVEL = "-Onone";
			};
			name = Debug;
		};
		66E5758C1AA7C19B00F0890A /* Release */ = {
			isa = XCBuildConfiguration;
			buildSettings = {
				ASSETCATALOG_COMPILER_APPICON_NAME = AppIcon;
				CLANG_ENABLE_MODULES = YES;
				CODE_SIGN_IDENTITY = "iPhone Developer";
				FRAMEWORK_SEARCH_PATHS = (
					"$(inherited)",
					"$(PROJECT_DIR)",
				);
				INFOPLIST_FILE = WePlan/Info.plist;
				IPHONEOS_DEPLOYMENT_TARGET = 8.2;
				LD_RUNPATH_SEARCH_PATHS = "$(inherited) @executable_path/Frameworks";
				PRODUCT_NAME = "$(TARGET_NAME)";
				SWIFT_OBJC_BRIDGING_HEADER = "WePlan/WePlan-Bridging-Header.h";
			};
			name = Release;
		};
		66E5758E1AA7C19B00F0890A /* Debug */ = {
			isa = XCBuildConfiguration;
			buildSettings = {
				BUNDLE_LOADER = "$(TEST_HOST)";
				FRAMEWORK_SEARCH_PATHS = (
					"$(SDKROOT)/Developer/Library/Frameworks",
					"$(inherited)",
				);
				GCC_PREPROCESSOR_DEFINITIONS = (
					"DEBUG=1",
					"$(inherited)",
				);
				INFOPLIST_FILE = WePlanTests/Info.plist;
				LD_RUNPATH_SEARCH_PATHS = "$(inherited) @executable_path/Frameworks @loader_path/Frameworks";
				PRODUCT_NAME = "$(TARGET_NAME)";
				TEST_HOST = "$(BUILT_PRODUCTS_DIR)/WePlan.app/WePlan";
			};
			name = Debug;
		};
		66E5758F1AA7C19B00F0890A /* Release */ = {
			isa = XCBuildConfiguration;
			buildSettings = {
				BUNDLE_LOADER = "$(TEST_HOST)";
				FRAMEWORK_SEARCH_PATHS = (
					"$(SDKROOT)/Developer/Library/Frameworks",
					"$(inherited)",
				);
				INFOPLIST_FILE = WePlanTests/Info.plist;
				LD_RUNPATH_SEARCH_PATHS = "$(inherited) @executable_path/Frameworks @loader_path/Frameworks";
				PRODUCT_NAME = "$(TARGET_NAME)";
				TEST_HOST = "$(BUILT_PRODUCTS_DIR)/WePlan.app/WePlan";
			};
			name = Release;
		};
/* End XCBuildConfiguration section */

/* Begin XCConfigurationList section */
		66E575661AA7C19B00F0890A /* Build configuration list for PBXProject "WePlan" */ = {
			isa = XCConfigurationList;
			buildConfigurations = (
				66E575881AA7C19B00F0890A /* Debug */,
				66E575891AA7C19B00F0890A /* Release */,
			);
			defaultConfigurationIsVisible = 0;
			defaultConfigurationName = Release;
		};
		66E5758A1AA7C19B00F0890A /* Build configuration list for PBXNativeTarget "WePlan" */ = {
			isa = XCConfigurationList;
			buildConfigurations = (
				66E5758B1AA7C19B00F0890A /* Debug */,
				66E5758C1AA7C19B00F0890A /* Release */,
			);
			defaultConfigurationIsVisible = 0;
			defaultConfigurationName = Release;
		};
		66E5758D1AA7C19B00F0890A /* Build configuration list for PBXNativeTarget "WePlanTests" */ = {
			isa = XCConfigurationList;
			buildConfigurations = (
				66E5758E1AA7C19B00F0890A /* Debug */,
				66E5758F1AA7C19B00F0890A /* Release */,
			);
			defaultConfigurationIsVisible = 0;
			defaultConfigurationName = Release;
		};
/* End XCConfigurationList section */

/* Begin XCVersionGroup section */
		66D7464E1ACB1E560077290A /* Model.xcdatamodeld */ = {
			isa = XCVersionGroup;
			children = (
				66D7464F1ACB1E560077290A /* Model.xcdatamodel */,
			);
			currentVersion = 66D7464F1ACB1E560077290A /* Model.xcdatamodel */;
			path = Model.xcdatamodeld;
			sourceTree = "<group>";
			versionGroupType = wrapper.xcdatamodel;
		};
/* End XCVersionGroup section */
	};
	rootObject = 66E575631AA7C19B00F0890A /* Project object */;
}
